
Microsoft Visual Studio Solution File, Format Version 11.00
# Visual Studio 2010
Project("{FAE04EC0-301F-11D3-BF4B-00C04F79EFBC}") = "Stick Hero 2", "Assembly-CSharp.csproj", "{CA17F24D-1445-950B-6644-0EA6EE542D3A}"
EndProject
Project("{FAE04EC0-301F-11D3-BF4B-00C04F79EFBC}") = "Stick Hero 2", "Assembly-CSharp-Editor-firstpass.csproj", "{7DB8DC6F-2C7A-684A-E34E-1F71A80B1DBD}"
EndProject
Global
	GlobalSection(SolutionConfigurationPlatforms) = preSolution
		Debug|Any CPU = Debug|Any CPU
		Release|Any CPU = Release|Any CPU
	EndGlobalSection
	GlobalSection(ProjectConfigurationPlatforms) = postSolution
		{CA17F24D-1445-950B-6644-0EA6EE542D3A}.Debug|Any CPU.ActiveCfg = Debug|Any CPU
		{CA17F24D-1445-950B-6644-0EA6EE542D3A}.Debug|Any CPU.Build.0 = Debug|Any CPU
		{CA17F24D-1445-950B-6644-0EA6EE542D3A}.Release|Any CPU.ActiveCfg = Release|Any CPU
		{CA17F24D-1445-950B-6644-0EA6EE542D3A}.Release|Any CPU.Build.0 = Release|Any CPU
		{7DB8DC6F-2C7A-684A-E34E-1F71A80B1DBD}.Debug|Any CPU.ActiveCfg = Debug|Any CPU
		{7DB8DC6F-2C7A-684A-E34E-1F71A80B1DBD}.Debug|Any CPU.Build.0 = Debug|Any CPU
		{7DB8DC6F-2C7A-684A-E34E-1F71A80B1DBD}.Release|Any CPU.ActiveCfg = Release|Any CPU
		{7DB8DC6F-2C7A-684A-E34E-1F71A80B1DBD}.Release|Any CPU.Build.0 = Release|Any CPU
	EndGlobalSection
	GlobalSection(SolutionProperties) = preSolution
		HideSolutionNode = FALSE
	EndGlobalSection
	GlobalSection(MonoDevelopProperties) = preSolution
		StartupItem = Assembly-CSharp.csproj
	EndGlobalSection
EndGlobal
